// !$*UTF8*$!
{
	archiveVersion = 1;
	classes = {
	};
	objectVersion = 77;
	objects = {

/* Begin PBXBuildFile section */
		D8B53F5B2FE7C2C200EEF010 /* MediaRemoteAdapter in Frameworks */ = {isa = PBXBuildFile; productRef = D8B53F5A2FE7C2C200EEF010 /* MediaRemoteAdapter */; };
		D8B53F5C2FE7C30B00EEF010 /* MediaRemoteAdapter in Embed Frameworks */ = {isa = PBXBuildFile; productRef = D8B53F5A2FE7C2C200EEF010 /* MediaRemoteAdapter */; settings = {ATTRIBUTES = (CodeSignOnCopy, ); }; };
		D8E5A3492FE4521400934330 /* ShromeDataModel.xcdatamodeld in Sources */ = {isa = PBXBuildFile; fileRef = D8E5A3472FE4521400934330 /* ShromeDataModel.xcdatamodeld */; };
/* End PBXBuildFile section */

/* Begin PBXContainerItemProxy section */
		D8404ED52F5AE1C800DA54D4 /* PBXContainerItemProxy */ = {
			isa = PBXContainerItemProxy;
			containerPortal = D8404EBA2F5AE1C600DA54D4 /* Project object */;
			proxyType = 1;
			remoteGlobalIDString = D8404EC12F5AE1C600DA54D4;
			remoteInfo = Shrome;
		};
		D8404EDF2F5AE1C800DA54D4 /* PBXContainerItemProxy */ = {
			isa = PBXContainerItemProxy;
			containerPortal = D8404EBA2F5AE1C600DA54D4 /* Project object */;
			proxyType = 1;
			remoteGlobalIDString = D8404EC12F5AE1C600DA54D4;
			remoteInfo = Shrome;
		};
/* End PBXContainerItemProxy section */

/* Begin PBXCopyFilesBuildPhase section */
		D8B53F5D2FE7C30B00EEF010 /* Embed Frameworks */ = {
			isa = PBXCopyFilesBuildPhase;
			buildActionMask = 2147483647;
			dstPath = "";
			dstSubfolderSpec = 10;
			files = (
				D8B53F5C2FE7C30B00EEF010 /* MediaRemoteAdapter in Embed Frameworks */,
			);
			name = "Embed Frameworks";
			runOnlyForDeploymentPostprocessing = 0;
		};
/* End PBXCopyFilesBuildPhase section */

/* Begin PBXFileReference section */
		D8404EC22F5AE1C600DA54D4 /* Shrome.app */ = {isa = PBXFileReference; explicitFileType = wrapper.application; includeInIndex = 0; path = Shrome.app; sourceTree = BUILT_PRODUCTS_DIR; };
		D8404ED42F5AE1C800DA54D4 /* ShromeTests.xctest */ = {isa = PBXFileReference; explicitFileType = wrapper.cfbundle; includeInIndex = 0; path = ShromeTests.xctest; sourceTree = BUILT_PRODUCTS_DIR; };
		D8404EDE2F5AE1C800DA54D4 /* ShromeUITests.xctest */ = {isa = PBXFileReference; explicitFileType = wrapper.cfbundle; includeInIndex = 0; path = ShromeUITests.xctest; sourceTree = BUILT_PRODUCTS_DIR; };
		D8E5A3482FE4521400934330 /* ShromeDataModel.xcdatamodel */ = {isa = PBXFileReference; lastKnownFileType = wrapper.xcdatamodel; path = ShromeDataModel.xcdatamodel; sourceTree = "<group>"; };
/* End PBXFileReference section */

/* Begin PBXFileSystemSynchronizedRootGroup section */
		D8404EC42F5AE1C600DA54D4 /* Shrome */ = {
			isa = PBXFileSystemSynchronizedRootGroup;
			path = Shrome;
			sourceTree = "<group>";
		};
		D8404ED72F5AE1C800DA54D4 /* ShromeTests */ = {
			isa = PBXFileSystemSynchronizedRootGroup;
			path = ShromeTests;
			sourceTree = "<group>";
		};
		D8404EE12F5AE1C800DA54D4 /* ShromeUITests */ = {
			isa = PBXFileSystemSynchronizedRootGroup;
			path = ShromeUITests;
			sourceTree = "<group>";
		};
/* End PBXFileSystemSynchronizedRootGroup section */

/* Begin PBXFrameworksBuildPhase section */
		D8404EBF2F5AE1C600DA54D4 /* Frameworks */ = {
			isa = PBXFrameworksBuildPhase;
			buildActionMask = 2147483647;
			files = (
				D8B53F5B2FE7C2C200EEF010 /* MediaRemoteAdapter in Frameworks */,
			);
			runOnlyForDeploymentPostprocessing = 0;
		};
		D8404ED12F5AE1C800DA54D4 /* Frameworks */ = {
			isa = PBXFrameworksBuildPhase;
			buildActionMask = 2147483647;
			files = (
			);
			runOnlyForDeploymentPostprocessing = 0;
		};
		D8404EDB2F5AE1C800DA54D4 /* Frameworks */ = {
			isa = PBXFrameworksBuildPhase;
			buildActionMask = 2147483647;
			files = (
			);
			runOnlyForDeploymentPostprocessing = 0;
		};
/* End PBXFrameworksBuildPhase section */

/* Begin PBXGroup section */
		D8404EB92F5AE1C600DA54D4 = {
			isa = PBXGroup;
			children = (
				D8E5A3472FE4521400934330 /* ShromeDataModel.xcdatamodeld */,
				D8404EC42F5AE1C600DA54D4 /* Shrome */,
				D8404ED72F5AE1C800DA54D4 /* ShromeTests */,
				D8404EE12F5AE1C800DA54D4 /* ShromeUITests */,
				D8C1EABC2FE7AF68005974C7 /* Frameworks */,
				D8404EC32F5AE1C600DA54D4 /* Products */,
			);
			sourceTree = "<group>";
		};
		D8404EC32F5AE1C600DA54D4 /* Products */ = {
			isa = PBXGroup;
			children = (
				D8404EC22F5AE1C600DA54D4 /* Shrome.app */,
				D8404ED42F5AE1C800DA54D4 /* ShromeTests.xctest */,
				D8404EDE2F5AE1C800DA54D4 /* ShromeUITests.xctest */,
			);
			name = Products;
			sourceTree = "<group>";
		};
		D8C1EABC2FE7AF68005974C7 /* Frameworks */ = {
			isa = PBXGroup;
			children = (
			);
			name = Frameworks;
			sourceTree = "<group>";
		};
/* End PBXGroup section */

/* Begin PBXNativeTarget section */
		D8404EC12F5AE1C600DA54D4 /* Shrome */ = {
			isa = PBXNativeTarget;
			buildConfigurationList = D8404EE82F5AE1C800DA54D4 /* Build configuration list for PBXNativeTarget "Shrome" */;
			buildPhases = (
				D8404EBE2F5AE1C600DA54D4 /* Sources */,
				D8404EBF2F5AE1C600DA54D4 /* Frameworks */,
				D8404EC02F5AE1C600DA54D4 /* Resources */,
				D8B53F5D2FE7C30B00EEF010 /* Embed Frameworks */,
			);
			buildRules = (
			);
			dependencies = (
			);
			fileSystemSynchronizedGroups = (
				D8404EC42F5AE1C600DA54D4 /* Shrome */,
			);
			name = Shrome;
			packageProductDependencies = (
				D8B53F5A2FE7C2C200EEF010 /* MediaRemoteAdapter */,
			);
			productName = Shrome;
			productReference = D8404EC22F5AE1C600DA54D4 /* Shrome.app */;
			productType = "com.apple.product-type.application";
		};
		D8404ED32F5AE1C800DA54D4 /* ShromeTests */ = {
			isa = PBXNativeTarget;
			buildConfigurationList = D8404EEB2F5AE1C800DA54D4 /* Build configuration list for PBXNativeTarget "ShromeTests" */;
			buildPhases = (
				D8404ED02F5AE1C800DA54D4 /* Sources */,
				D8404ED12F5AE1C800DA54D4 /* Frameworks */,
				D8404ED22F5AE1C800DA54D4 /* Resources */,
			);
			buildRules = (
			);
			dependencies = (
				D8404ED62F5AE1C800DA54D4 /* PBXTargetDependency */,
			);
			fileSystemSynchronizedGroups = (
				D8404ED72F5AE1C800DA54D4 /* ShromeTests */,
			);
			name = ShromeTests;
			packageProductDependencies = (
			);
			productName = ShromeTests;
			productReference = D8404ED42F5AE1C800DA54D4 /* ShromeTests.xctest */;
			productType = "com.apple.product-type.bundle.unit-test";
		};
		D8404EDD2F5AE1C800DA54D4 /* ShromeUITests */ = {
			isa = PBXNativeTarget;
			buildConfigurationList = D8404EEE2F5AE1C800DA54D4 /* Build configuration list for PBXNativeTarget "ShromeUITests" */;
			buildPhases = (
				D8404EDA2F5AE1C800DA54D4 /* Sources */,
				D8404EDB2F5AE1C800DA54D4 /* Frameworks */,
				D8404EDC2F5AE1C800DA54D4 /* Resources */,
			);
			buildRules = (
			);
			dependencies = (
				D8404EE02F5AE1C800DA54D4 /* PBXTargetDependency */,
			);
			fileSystemSynchronizedGroups = (
				D8404EE12F5AE1C800DA54D4 /* ShromeUITests */,
			);
			name = ShromeUITests;
			packageProductDependencies = (
			);
			productName = ShromeUITests;
			productReference = D8404EDE2F5AE1C800DA54D4 /* ShromeUITests.xctest */;
			productType = "com.apple.product-type.bundle.ui-testing";
		};
/* End PBXNativeTarget section */

/* Begin PBXProject section */
		D8404EBA2F5AE1C600DA54D4 /* Project object */ = {
			isa = PBXProject;
			attributes = {
				BuildIndependentTargetsInParallel = 1;
				LastSwiftUpdateCheck = 2630;
				LastUpgradeCheck = 2650;
				TargetAttributes = {
					D8404EC12F5AE1C600DA54D4 = {
						CreatedOnToolsVersion = 26.3;
					};
					D8404ED32F5AE1C800DA54D4 = {
						CreatedOnToolsVersion = 26.3;
						TestTargetID = D8404EC12F5AE1C600DA54D4;
					};
					D8404EDD2F5AE1C800DA54D4 = {
						CreatedOnToolsVersion = 26.3;
						TestTargetID = D8404EC12F5AE1C600DA54D4;
					};
				};
			};
			buildConfigurationList = D8404EBD2F5AE1C600DA54D4 /* Build configuration list for PBXProject "Shrome" */;
			developmentRegion = en;
			hasScannedForEncodings = 0;
			knownRegions = (
				en,
				Base,
			);
			mainGroup = D8404EB92F5AE1C600DA54D4;
			minimizedProjectReferenceProxies = 1;
			packageReferences = (
				D8B53F592FE7C2C200EEF010 /* XCRemoteSwiftPackageReference "mediaremote-adapter" */,
			);
			preferredProjectObjectVersion = 77;
			productRefGroup = D8404EC32F5AE1C600DA54D4 /* Products */;
			projectDirPath = "";
			projectRoot = "";
			targets = (
				D8404EC12F5AE1C600DA54D4 /* Shrome */,
				D8404ED32F5AE1C800DA54D4 /* ShromeTests */,
				D8404EDD2F5AE1C800DA54D4 /* ShromeUITests */,
			);
		};
/* End PBXProject section */

/* Begin PBXResourcesBuildPhase section */
		D8404EC02F5AE1C600DA54D4 /* Resources */ = {
			isa = PBXResourcesBuildPhase;
			buildActionMask = 2147483647;
			files = (
			);
			runOnlyForDeploymentPostprocessing = 0;
		};
		D8404ED22F5AE1C800DA54D4 /* Resources */ = {
			isa = PBXResourcesBuildPhase;
			buildActionMask = 2147483647;
			files = (
			);
			runOnlyForDeploymentPostprocessing = 0;
		};
		D8404EDC2F5AE1C800DA54D4 /* Resources */ = {
			isa = PBXResourcesBuildPhase;
			buildActionMask = 2147483647;
			files = (
			);
			runOnlyForDeploymentPostprocessing = 0;
		};
/* End PBXResourcesBuildPhase section */

/* Begin PBXSourcesBuildPhase section */
		D8404EBE2F5AE1C600DA54D4 /* Sources */ = {
			isa = PBXSourcesBuildPhase;
			buildActionMask = 2147483647;
			files = (
				D8E5A3492FE4521400934330 /* ShromeDataModel.xcdatamodeld in Sources */,
			);
			runOnlyForDeploymentPostprocessing = 0;
		};
		D8404ED02F5AE1C800DA54D4 /* Sources */ = {
			isa = PBXSourcesBuildPhase;
			buildActionMask = 2147483647;
			files = (
			);
			runOnlyForDeploymentPostprocessing = 0;
		};
		D8404EDA2F5AE1C800DA54D4 /* Sources */ = {
			isa = PBXSourcesBuildPhase;
			buildActionMask = 2147483647;
			files = (
			);
			runOnlyForDeploymentPostprocessing = 0;
		};
/* End PBXSourcesBuildPhase section */

/* Begin PBXTargetDependency section */
		D8404ED62F5AE1C800DA54D4 /* PBXTargetDependency */ = {
			isa = PBXTargetDependency;
			target = D8404EC12F5AE1C600DA54D4 /* Shrome */;
			targetProxy = D8404ED52F5AE1C800DA54D4 /* PBXContainerItemProxy */;
		};
		D8404EE02F5AE1C800DA54D4 /* PBXTargetDependency */ = {
			isa = PBXTargetDependency;
			target = D8404EC12F5AE1C600DA54D4 /* Shrome */;
			targetProxy = D8404EDF2F5AE1C800DA54D4 /* PBXContainerItemProxy */;
		};
/* End PBXTargetDependency section */

/* Begin XCBuildConfiguration section */
		D8404EE62F5AE1C800DA54D4 /* Debug */ = {
			isa = XCBuildConfiguration;
			buildSettings = {
				ALWAYS_SEARCH_USER_PATHS = NO;
				ASSETCATALOG_COMPILER_GENERATE_SWIFT_ASSET_SYMBOL_EXTENSIONS = YES;
				CLANG_ANALYZER_NONNULL = YES;
				CLANG_ANALYZER_NUMBER_OBJECT_CONVERSION = YES_AGGRESSIVE;
				CLANG_CXX_LANGUAGE_STANDARD = "gnu++20";
				CLANG_ENABLE_MODULES = YES;
				CLANG_ENABLE_OBJC_ARC = YES;
				CLANG_ENABLE_OBJC_WEAK = YES;
				CLANG_WARN_BLOCK_CAPTURE_AUTORELEASING = YES;
				CLANG_WARN_BOOL_CONVERSION = YES;
				CLANG_WARN_COMMA = YES;
				CLANG_WARN_CONSTANT_CONVERSION = YES;
				CLANG_WARN_DEPRECATED_OBJC_IMPLEMENTATIONS = YES;
				CLANG_WARN_DIRECT_OBJC_ISA_USAGE = YES_ERROR;
				CLANG_WARN_DOCUMENTATION_COMMENTS = YES;
				CLANG_WARN_EMPTY_BODY = YES;
				CLANG_WARN_ENUM_CONVERSION = YES;
				CLANG_WARN_INFINITE_RECURSION = YES;
				CLANG_WARN_INT_CONVERSION = YES;
				CLANG_WARN_NON_LITERAL_NULL_CONVERSION = YES;
				CLANG_WARN_OBJC_IMPLICIT_RETAIN_SELF = YES;
				CLANG_WARN_OBJC_LITERAL_CONVERSION = YES;
				CLANG_WARN_OBJC_ROOT_CLASS = YES_ERROR;
				CLANG_WARN_QUOTED_INCLUDE_IN_FRAMEWORK_HEADER = YES;
				CLANG_WARN_RANGE_LOOP_ANALYSIS = YES;
				CLANG_WARN_STRICT_PROTOTYPES = YES;
				CLANG_WARN_SUSPICIOUS_MOVE = YES;
				CLANG_WARN_UNGUARDED_AVAILABILITY = YES_AGGRESSIVE;
				CLANG_WARN_UNREACHABLE_CODE = YES;
				CLANG_WARN__DUPLICATE_METHOD_MATCH = YES;
				COPY_PHASE_STRIP = NO;
				DEAD_CODE_STRIPPING = YES;
				DEBUG_INFORMATION_FORMAT = dwarf;
				DEVELOPMENT_TEAM = SXT7GC24KJ;
				ENABLE_STRICT_OBJC_MSGSEND = YES;
				ENABLE_TESTABILITY = YES;
				ENABLE_USER_SCRIPT_SANDBOXING = YES;
				GCC_C_LANGUAGE_STANDARD = gnu17;
				GCC_DYNAMIC_NO_PIC = NO;
				GCC_NO_COMMON_BLOCKS = YES;
				GCC_OPTIMIZATION_LEVEL = 0;
				GCC_PREPROCESSOR_DEFINITIONS = (
					"DEBUG=1",
					"$(inherited)",
				);
				GCC_WARN_64_TO_32_BIT_CONVERSION = YES;
				GCC_WARN_ABOUT_RETURN_TYPE = YES_ERROR;
				GCC_WARN_UNDECLARED_SELECTOR = YES;
				GCC_WARN_UNINITIALIZED_AUTOS = YES_AGGRESSIVE;
				GCC_WARN_UNUSED_FUNCTION = YES;
				GCC_WARN_UNUSED_VARIABLE = YES;
				LOCALIZATION_PREFERS_STRING_CATALOGS = YES;
				MACOSX_DEPLOYMENT_TARGET = 26.2;
				MTL_ENABLE_DEBUG_INFO = INCLUDE_SOURCE;
				MTL_FAST_MATH = YES;
				ONLY_ACTIVE_ARCH = YES;
				SDKROOT = macosx;
				STRING_CATALOG_GENERATE_SYMBOLS = YES;
				SWIFT_ACTIVE_COMPILATION_CONDITIONS = "DEBUG $(inherited)";
				SWIFT_OPTIMIZATION_LEVEL = "-Onone";
			};
			name = Debug;
		};
		D8404EE72F5AE1C800DA54D4 /* Release */ = {
			isa = XCBuildConfiguration;
			buildSettings = {
				ALWAYS_SEARCH_USER_PATHS = NO;
				ASSETCATALOG_COMPILER_GENERATE_SWIFT_ASSET_SYMBOL_EXTENSIONS = YES;
				CLANG_ANALYZER_NONNULL = YES;
				CLANG_ANALYZER_NUMBER_OBJECT_CONVERSION = YES_AGGRESSIVE;
				CLANG_CXX_LANGUAGE_STANDARD = "gnu++20";
				CLANG_ENABLE_MODULES = YES;
				CLANG_ENABLE_OBJC_ARC = YES;
				CLANG_ENABLE_OBJC_WEAK = YES;
				CLANG_WARN_BLOCK_CAPTURE_AUTORELEASING = YES;
				CLANG_WARN_BOOL_CONVERSION = YES;
				CLANG_WARN_COMMA = YES;
				CLANG_WARN_CONSTANT_CONVERSION = YES;
				CLANG_WARN_DEPRECATED_OBJC_IMPLEMENTATIONS = YES;
				CLANG_WARN_DIRECT_OBJC_ISA_USAGE = YES_ERROR;
				CLANG_WARN_DOCUMENTATION_COMMENTS = YES;
				CLANG_WARN_EMPTY_BODY = YES;
				CLANG_WARN_ENUM_CONVERSION = YES;
				CLANG_WARN_INFINITE_RECURSION = YES;
				CLANG_WARN_INT_CONVERSION = YES;
				CLANG_WARN_NON_LITERAL_NULL_CONVERSION = YES;
				CLANG_WARN_OBJC_IMPLICIT_RETAIN_SELF = YES;
				CLANG_WARN_OBJC_LITERAL_CONVERSION = YES;
				CLANG_WARN_OBJC_ROOT_CLASS = YES_ERROR;
				CLANG_WARN_QUOTED_INCLUDE_IN_FRAMEWORK_HEADER = YES;
				CLANG_WARN_RANGE_LOOP_ANALYSIS = YES;
				CLANG_WARN_STRICT_PROTOTYPES = YES;
				CLANG_WARN_SUSPICIOUS_MOVE = YES;
				CLANG_WARN_UNGUARDED_AVAILABILITY = YES_AGGRESSIVE;
				CLANG_WARN_UNREACHABLE_CODE = YES;
				CLANG_WARN__DUPLICATE_METHOD_MATCH = YES;
				COPY_PHASE_STRIP = NO;
				DEAD_CODE_STRIPPING = YES;
				DEBUG_INFORMATION_FORMAT = "dwarf-with-dsym";
				DEVELOPMENT_TEAM = SXT7GC24KJ;
				ENABLE_NS_ASSERTIONS = NO;
				ENABLE_STRICT_OBJC_MSGSEND = YES;
				ENABLE_USER_SCRIPT_SANDBOXING = YES;
				GCC_C_LANGUAGE_STANDARD = gnu17;
				GCC_NO_COMMON_BLOCKS = YES;
				GCC_WARN_64_TO_32_BIT_CONVERSION = YES;
				GCC_WARN_ABOUT_RETURN_TYPE = YES_ERROR;
				GCC_WARN_UNDECLARED_SELECTOR = YES;
				GCC_WARN_UNINITIALIZED_AUTOS = YES_AGGRESSIVE;
				GCC_WARN_UNUSED_FUNCTION = YES;
				GCC_WARN_UNUSED_VARIABLE = YES;
				LOCALIZATION_PREFERS_STRING_CATALOGS = YES;
				MACOSX_DEPLOYMENT_TARGET = 26.2;
				MTL_ENABLE_DEBUG_INFO = NO;
				MTL_FAST_MATH = YES;
				SDKROOT = macosx;
				STRING_CATALOG_GENERATE_SYMBOLS = YES;
				SWIFT_COMPILATION_MODE = wholemodule;
			};
			name = Release;
		};
		D8404EE92F5AE1C800DA54D4 /* Debug */ = {
			isa = XCBuildConfiguration;
			buildSettings = {
				ASSETCATALOG_COMPILER_APPICON_NAME = AppIcon;
				ASSETCATALOG_COMPILER_GLOBAL_ACCENT_COLOR_NAME = AccentColor;
				"CODE_SIGN_IDENTITY[sdk=macosx*]" = "-";
				CODE_SIGN_STYLE = Automatic;
				COMBINE_HIDPI_IMAGES = YES;
				CURRENT_PROJECT_VERSION = 1;
				DEAD_CODE_STRIPPING = YES;
				DEVELOPMENT_TEAM = SXT7GC24KJ;
				ENABLE_APP_SANDBOX = YES;
				ENABLE_FILE_ACCESS_DOWNLOADS_FOLDER = readwrite;
				ENABLE_FILE_ACCESS_MOVIES_FOLDER = readwrite;
				ENABLE_FILE_ACCESS_MUSIC_FOLDER = readwrite;
				ENABLE_FILE_ACCESS_PICTURE_FOLDER = readwrite;
				ENABLE_HARDENED_RUNTIME = YES;
				ENABLE_INCOMING_NETWORK_CONNECTIONS = YES;
				ENABLE_OUTGOING_NETWORK_CONNECTIONS = YES;
				ENABLE_PREVIEWS = YES;
				ENABLE_RESOURCE_ACCESS_AUDIO_INPUT = YES;
				ENABLE_RESOURCE_ACCESS_BLUETOOTH = YES;
				ENABLE_RESOURCE_ACCESS_CALENDARS = YES;
				ENABLE_RESOURCE_ACCESS_CAMERA = YES;
				ENABLE_RESOURCE_ACCESS_CONTACTS = YES;
				ENABLE_RESOURCE_ACCESS_LOCATION = YES;
				ENABLE_RESOURCE_ACCESS_PRINTING = YES;
				ENABLE_RESOURCE_ACCESS_USB = YES;
				ENABLE_USER_SELECTED_FILES = readwrite;
				GENERATE_INFOPLIST_FILE = YES;
				INFOPLIST_KEY_LSApplicationCategoryType = "public.app-category.productivity";
				INFOPLIST_KEY_NSHumanReadableCopyright = "";
				LD_RUNPATH_SEARCH_PATHS = (
					"$(inherited)",
					"@executable_path/../Frameworks",
				);
				MARKETING_VERSION = 1.0;
				PRODUCT_BUNDLE_IDENTIFIER = harsh.Shrome;
				PRODUCT_NAME = "$(TARGET_NAME)";
				REGISTER_APP_GROUPS = YES;
				STRING_CATALOG_GENERATE_SYMBOLS = YES;
				SWIFT_APPROACHABLE_CONCURRENCY = YES;
				SWIFT_DEFAULT_ACTOR_ISOLATION = MainActor;
				SWIFT_EMIT_LOC_STRINGS = YES;
				SWIFT_UPCOMING_FEATURE_MEMBER_IMPORT_VISIBILITY = YES;
				SWIFT_VERSION = 5.0;
			};
			name = Debug;
		};
		D8404EEA2F5AE1C800DA54D4 /* Release */ = {
			isa = XCBuildConfiguration;
			buildSettings = {
				ASSETCATALOG_COMPILER_APPICON_NAME = AppIcon;
				ASSETCATALOG_COMPILER_GLOBAL_ACCENT_COLOR_NAME = AccentColor;
				"CODE_SIGN_IDENTITY[sdk=macosx*]" = "-";
				CODE_SIGN_STYLE = Automatic;
				COMBINE_HIDPI_IMAGES = YES;
				CURRENT_PROJECT_VERSION = 1;
				DEAD_CODE_STRIPPING = YES;
				DEVELOPMENT_TEAM = SXT7GC24KJ;
				ENABLE_APP_SANDBOX = YES;
				ENABLE_FILE_ACCESS_DOWNLOADS_FOLDER = readwrite;
				ENABLE_FILE_ACCESS_MOVIES_FOLDER = readwrite;
				ENABLE_FILE_ACCESS_MUSIC_FOLDER = readwrite;
				ENABLE_FILE_ACCESS_PICTURE_FOLDER = readwrite;
				ENABLE_HARDENED_RUNTIME = YES;
				ENABLE_INCOMING_NETWORK_CONNECTIONS = YES;
				ENABLE_OUTGOING_NETWORK_CONNECTIONS = YES;
				ENABLE_PREVIEWS = YES;
				ENABLE_RESOURCE_ACCESS_AUDIO_INPUT = YES;
				ENABLE_RESOURCE_ACCESS_BLUETOOTH = YES;
				ENABLE_RESOURCE_ACCESS_CALENDARS = YES;
				ENABLE_RESOURCE_ACCESS_CAMERA = YES;
				ENABLE_RESOURCE_ACCESS_CONTACTS = YES;
				ENABLE_RESOURCE_ACCESS_LOCATION = YES;
				ENABLE_RESOURCE_ACCESS_PRINTING = YES;
				ENABLE_RESOURCE_ACCESS_USB = YES;
				ENABLE_USER_SELECTED_FILES = readwrite;
				GENERATE_INFOPLIST_FILE = YES;
				INFOPLIST_KEY_LSApplicationCategoryType = "public.app-category.productivity";
				INFOPLIST_KEY_NSHumanReadableCopyright = "";
				LD_RUNPATH_SEARCH_PATHS = (
					"$(inherited)",
					"@executable_path/../Frameworks",
				);
				MARKETING_VERSION = 1.0;
				PRODUCT_BUNDLE_IDENTIFIER = harsh.Shrome;
				PRODUCT_NAME = "$(TARGET_NAME)";
				REGISTER_APP_GROUPS = YES;
				STRING_CATALOG_GENERATE_SYMBOLS = YES;
				SWIFT_APPROACHABLE_CONCURRENCY = YES;
				SWIFT_DEFAULT_ACTOR_ISOLATION = MainActor;
				SWIFT_EMIT_LOC_STRINGS = YES;
				SWIFT_UPCOMING_FEATURE_MEMBER_IMPORT_VISIBILITY = YES;
				SWIFT_VERSION = 5.0;
			};
			name = Release;
		};
		D8404EEC2F5AE1C800DA54D4 /* Debug */ = {
			isa = XCBuildConfiguration;
			buildSettings = {
				BUNDLE_LOADER = "$(TEST_HOST)";
				CODE_SIGN_STYLE = Automatic;
				CURRENT_PROJECT_VERSION = 1;
				DEAD_CODE_STRIPPING = YES;
				DEVELOPMENT_TEAM = SXT7GC24KJ;
				GENERATE_INFOPLIST_FILE = YES;
				MACOSX_DEPLOYMENT_TARGET = 26.2;
				MARKETING_VERSION = 1.0;
				PRODUCT_BUNDLE_IDENTIFIER = harsh.ShromeTests;
				PRODUCT_NAME = "$(TARGET_NAME)";
				STRING_CATALOG_GENERATE_SYMBOLS = NO;
				SWIFT_APPROACHABLE_CONCURRENCY = YES;
				SWIFT_EMIT_LOC_STRINGS = NO;
				SWIFT_UPCOMING_FEATURE_MEMBER_IMPORT_VISIBILITY = YES;
				SWIFT_VERSION = 5.0;
				TEST_HOST = "$(BUILT_PRODUCTS_DIR)/Shrome.app/$(BUNDLE_EXECUTABLE_FOLDER_PATH)/Shrome";
			};
			name = Debug;
		};
		D8404EED2F5AE1C800DA54D4 /* Release */ = {
			isa = XCBuildConfiguration;
			buildSettings = {
				BUNDLE_LOADER = "$(TEST_HOST)";
				CODE_SIGN_STYLE = Automatic;
				CURRENT_PROJECT_VERSION = 1;
				DEAD_CODE_STRIPPING = YES;
				DEVELOPMENT_TEAM = SXT7GC24KJ;
				GENERATE_INFOPLIST_FILE = YES;
				MACOSX_DEPLOYMENT_TARGET = 26.2;
				MARKETING_VERSION = 1.0;
				PRODUCT_BUNDLE_IDENTIFIER = harsh.ShromeTests;
				PRODUCT_NAME = "$(TARGET_NAME)";
				STRING_CATALOG_GENERATE_SYMBOLS = NO;
				SWIFT_APPROACHABLE_CONCURRENCY = YES;
				SWIFT_EMIT_LOC_STRINGS = NO;
				SWIFT_UPCOMING_FEATURE_MEMBER_IMPORT_VISIBILITY = YES;
				SWIFT_VERSION = 5.0;
				TEST_HOST = "$(BUILT_PRODUCTS_DIR)/Shrome.app/$(BUNDLE_EXECUTABLE_FOLDER_PATH)/Shrome";
			};
			name = Release;
		};
		D8404EEF2F5AE1C800DA54D4 /* Debug */ = {
			isa = XCBuildConfiguration;
			buildSettings = {
				CODE_SIGN_STYLE = Automatic;
				CURRENT_PROJECT_VERSION = 1;
				DEAD_CODE_STRIPPING = YES;
				DEVELOPMENT_TEAM = SXT7GC24KJ;
				GENERATE_INFOPLIST_FILE = YES;
				MARKETING_VERSION = 1.0;
				PRODUCT_BUNDLE_IDENTIFIER = harsh.ShromeUITests;
				PRODUCT_NAME = "$(TARGET_NAME)";
				STRING_CATALOG_GENERATE_SYMBOLS = NO;
				SWIFT_APPROACHABLE_CONCURRENCY = YES;
				SWIFT_EMIT_LOC_STRINGS = NO;
				SWIFT_UPCOMING_FEATURE_MEMBER_IMPORT_VISIBILITY = YES;
				SWIFT_VERSION = 5.0;
				TEST_TARGET_NAME = Shrome;
			};
			name = Debug;
		};
		D8404EF02F5AE1C800DA54D4 /* Release */ = {
			isa = XCBuildConfiguration;
			buildSettings = {
				CODE_SIGN_STYLE = Automatic;
				CURRENT_PROJECT_VERSION = 1;
				DEAD_CODE_STRIPPING = YES;
				DEVELOPMENT_TEAM = SXT7GC24KJ;
				GENERATE_INFOPLIST_FILE = YES;
				MARKETING_VERSION = 1.0;
				PRODUCT_BUNDLE_IDENTIFIER = harsh.ShromeUITests;
				PRODUCT_NAME = "$(TARGET_NAME)";
				STRING_CATALOG_GENERATE_SYMBOLS = NO;
				SWIFT_APPROACHABLE_CONCURRENCY = YES;
				SWIFT_EMIT_LOC_STRINGS = NO;
				SWIFT_UPCOMING_FEATURE_MEMBER_IMPORT_VISIBILITY = YES;
				SWIFT_VERSION = 5.0;
				TEST_TARGET_NAME = Shrome;
			};
			name = Release;
		};
/* End XCBuildConfiguration section */

/* Begin XCConfigurationList section */
		D8404EBD2F5AE1C600DA54D4 /* Build configuration list for PBXProject "Shrome" */ = {
			isa = XCConfigurationList;
			buildConfigurations = (
				D8404EE62F5AE1C800DA54D4 /* Debug */,
				D8404EE72F5AE1C800DA54D4 /* Release */,
			);
			defaultConfigurationIsVisible = 0;
			defaultConfigurationName = Release;
		};
		D8404EE82F5AE1C800DA54D4 /* Build configuration list for PBXNativeTarget "Shrome" */ = {
			isa = XCConfigurationList;
			buildConfigurations = (
				D8404EE92F5AE1C800DA54D4 /* Debug */,
				D8404EEA2F5AE1C800DA54D4 /* Release */,
			);
			defaultConfigurationIsVisible = 0;
			defaultConfigurationName = Release;
		};
		D8404EEB2F5AE1C800DA54D4 /* Build configuration list for PBXNativeTarget "ShromeTests" */ = {
			isa = XCConfigurationList;
			buildConfigurations = (
				D8404EEC2F5AE1C800DA54D4 /* Debug */,
				D8404EED2F5AE1C800DA54D4 /* Release */,
			);
			defaultConfigurationIsVisible = 0;
			defaultConfigurationName = Release;
		};
		D8404EEE2F5AE1C800DA54D4 /* Build configuration list for PBXNativeTarget "ShromeUITests" */ = {
			isa = XCConfigurationList;
			buildConfigurations = (
				D8404EEF2F5AE1C800DA54D4 /* Debug */,
				D8404EF02F5AE1C800DA54D4 /* Release */,
			);
			defaultConfigurationIsVisible = 0;
			defaultConfigurationName = Release;
		};
/* End XCConfigurationList section */

/* Begin XCRemoteSwiftPackageReference section */
		D8B53F592FE7C2C200EEF010 /* XCRemoteSwiftPackageReference "mediaremote-adapter" */ = {
			isa = XCRemoteSwiftPackageReference;
			repositoryURL = "https://github.com/ejbills/mediaremote-adapter";
			requirement = {
				branch = master;
				kind = branch;
			};
		};
/* End XCRemoteSwiftPackageReference section */

/* Begin XCSwiftPackageProductDependency section */
		D8B53F5A2FE7C2C200EEF010 /* MediaRemoteAdapter */ = {
			isa = XCSwiftPackageProductDependency;
			package = D8B53F592FE7C2C200EEF010 /* XCRemoteSwiftPackageReference "mediaremote-adapter" */;
			productName = MediaRemoteAdapter;
		};
/* End XCSwiftPackageProductDependency section */

/* Begin XCVersionGroup section */
		D8E5A3472FE4521400934330 /* ShromeDataModel.xcdatamodeld */ = {
			isa = XCVersionGroup;
			children = (
				D8E5A3482FE4521400934330 /* ShromeDataModel.xcdatamodel */,
			);
			currentVersion = D8E5A3482FE4521400934330 /* ShromeDataModel.xcdatamodel */;
			path = ShromeDataModel.xcdatamodeld;
			sourceTree = "<group>";
			versionGroupType = wrapper.xcdatamodel;
		};
/* End XCVersionGroup section */
	};
	rootObject = D8404EBA2F5AE1C600DA54D4 /* Project object */;
}
